// !$*UTF8*$!
{
	archiveVersion = 1;
	classes = {
	};
	objectVersion = 48;
	objects = {

/* Begin PBXBuildFile section */
		61C3CCAC203AD91E00F2C5E5 /* AppDelegate.swift in Sources */ = {isa = PBXBuildFile; fileRef = 61C3CCAB203AD91E00F2C5E5 /* AppDelegate.swift */; };
		61C3CCAE203AD91E00F2C5E5 /* ViewController.swift in Sources */ = {isa = PBXBuildFile; fileRef = 61C3CCAD203AD91E00F2C5E5 /* ViewController.swift */; };
		61C3CCB1203AD91E00F2C5E5 /* Main.storyboard in Resources */ = {isa = PBXBuildFile; fileRef = 61C3CCAF203AD91E00F2C5E5 /* Main.storyboard */; };
		61C3CCB3203AD91E00F2C5E5 /* Assets.xcassets in Resources */ = {isa = PBXBuildFile; fileRef = 61C3CCB2203AD91E00F2C5E5 /* Assets.xcassets */; };
		61C3CCB6203AD91E00F2C5E5 /* LaunchScreen.storyboard in Resources */ = {isa = PBXBuildFile; fileRef = 61C3CCB4203AD91E00F2C5E5 /* LaunchScreen.storyboard */; };
		61C3CCD0203AD9A500F2C5E5 /* PTUSBHub.m in Sources */ = {isa = PBXBuildFile; fileRef = 61C3CCCF203AD9A500F2C5E5 /* PTUSBHub.m */; };
		61C3CCD8203AD9F600F2C5E5 /* PTProtocol.m in Sources */ = {isa = PBXBuildFile; fileRef = 61C3CCD3203AD9F500F2C5E5 /* PTProtocol.m */; };
		61C3CCD9203AD9F600F2C5E5 /* PTChannel.m in Sources */ = {isa = PBXBuildFile; fileRef = 61C3CCD5203AD9F500F2C5E5 /* PTChannel.m */; };
		61C3CCDD203AF9E500F2C5E5 /* USBBridge.swift in Sources */ = {isa = PBXBuildFile; fileRef = 61C3CCDC203AF9E500F2C5E5 /* USBBridge.swift */; };
/* End PBXBuildFile section */

/* Begin PBXFileReference section */
		61C3CCA8203AD91E00F2C5E5 /* CommUSB.app */ = {isa = PBXFileReference; explicitFileType = wrapper.application; includeInIndex = 0; path = CommUSB.app; sourceTree = BUILT_PRODUCTS_DIR; };
		61C3CCAB203AD91E00F2C5E5 /* AppDelegate.swift */ = {isa = PBXFileReference; lastKnownFileType = sourcecode.swift; path = AppDelegate.swift; sourceTree = "<group>"; };
		61C3CCAD203AD91E00F2C5E5 /* ViewController.swift */ = {isa = PBXFileReference; lastKnownFileType = sourcecode.swift; path = ViewController.swift; sourceTree = "<group>"; };
		61C3CCB0203AD91E00F2C5E5 /* Base */ = {isa = PBXFileReference; lastKnownFileType = file.storyboard; name = Base; path = Base.lproj/Main.storyboard; sourceTree = "<group>"; };
		61C3CCB2203AD91E00F2C5E5 /* Assets.xcassets */ = {isa = PBXFileReference; lastKnownFileType = folder.assetcatalog; path = Assets.xcassets; sourceTree = "<group>"; };
		61C3CCB5203AD91E00F2C5E5 /* Base */ = {isa = PBXFileReference; lastKnownFileType = file.storyboard; name = Base; path = Base.lproj/LaunchScreen.storyboard; sourceTree = "<group>"; };
		61C3CCB7203AD91E00F2C5E5 /* Info.plist */ = {isa = PBXFileReference; lastKnownFileType = text.plist.xml; path = Info.plist; sourceTree = "<group>"; };
		61C3CCCD203AD9A500F2C5E5 /* CommUSB-Bridging-Header.h */ = {isa = PBXFileReference; lastKnownFileType = sourcecode.c.h; path = "CommUSB-Bridging-Header.h"; sourceTree = "<group>"; };
		61C3CCCE203AD9A500F2C5E5 /* PTUSBHub.h */ = {isa = PBXFileReference; fileEncoding = 4; lastKnownFileType = sourcecode.c.h; path = PTUSBHub.h; sourceTree = "<group>"; };
		61C3CCCF203AD9A500F2C5E5 /* PTUSBHub.m */ = {isa = PBXFileReference; fileEncoding = 4; lastKnownFileType = sourcecode.c.objc; path = PTUSBHub.m; sourceTree = "<group>"; };
		61C3CCD1203AD9F500F2C5E5 /* PTPrivate.h */ = {isa = PBXFileReference; fileEncoding = 4; lastKnownFileType = sourcecode.c.h; path = PTPrivate.h; sourceTree = "<group>"; };
		61C3CCD2203AD9F500F2C5E5 /* Peertalk.h */ = {isa = PBXFileReference; fileEncoding = 4; lastKnownFileType = sourcecode.c.h; path = Peertalk.h; sourceTree = "<group>"; };
		61C3CCD3203AD9F500F2C5E5 /* PTProtocol.m */ = {isa = PBXFileReference; fileEncoding = 4; lastKnownFileType = sourcecode.c.objc; path = PTProtocol.m; sourceTree = "<group>"; };
		61C3CCD4203AD9F500F2C5E5 /* prefix.pch */ = {isa = PBXFileReference; fileEncoding = 4; lastKnownFileType = sourcecode.c.h; path = prefix.pch; sourceTree = "<group>"; };
		61C3CCD5203AD9F500F2C5E5 /* PTChannel.m */ = {isa = PBXFileReference; fileEncoding = 4; lastKnownFileType = sourcecode.c.objc; path = PTChannel.m; sourceTree = "<group>"; };
		61C3CCD6203AD9F600F2C5E5 /* PTProtocol.h */ = {isa = PBXFileReference; fileEncoding = 4; lastKnownFileType = sourcecode.c.h; path = PTProtocol.h; sourceTree = "<group>"; };
		61C3CCD7203AD9F600F2C5E5 /* PTChannel.h */ = {isa = PBXFileReference; fileEncoding = 4; lastKnownFileType = sourcecode.c.h; path = PTChannel.h; sourceTree = "<group>"; };
		61C3CCDA203ADCA600F2C5E5 /* PTExampleProtocol.h */ = {isa = PBXFileReference; fileEncoding = 4; lastKnownFileType = sourcecode.c.h; path = PTExampleProtocol.h; sourceTree = "<group>"; };
		61C3CCDC203AF9E500F2C5E5 /* USBBridge.swift */ = {isa = PBXFileReference; lastKnownFileType = sourcecode.swift; path = USBBridge.swift; sourceTree = "<group>"; };
/* End PBXFileReference section */

/* Begin PBXFrameworksBuildPhase section */
		61C3CCA5203AD91E00F2C5E5 /* Frameworks */ = {
			isa = PBXFrameworksBuildPhase;
			buildActionMask = 2147483647;
			files = (
			);
			runOnlyForDeploymentPostprocessing = 0;
		};
/* End PBXFrameworksBuildPhase section */

/* Begin PBXGroup section */
		61C3CC9F203AD91E00F2C5E5 = {
			isa = PBXGroup;
			children = (
				61C3CCAA203AD91E00F2C5E5 /* CommUSB */,
				61C3CCA9203AD91E00F2C5E5 /* Products */,
			);
			sourceTree = "<group>";
		};
		61C3CCA9203AD91E00F2C5E5 /* Products */ = {
			isa = PBXGroup;
			children = (
				61C3CCA8203AD91E00F2C5E5 /* CommUSB.app */,
			);
			name = Products;
			sourceTree = "<group>";
		};
		61C3CCAA203AD91E00F2C5E5 /* CommUSB */ = {
			isa = PBXGroup;
			children = (
				61C3CCDE203B03F300F2C5E5 /* USBBridge */,
				61C3CCAB203AD91E00F2C5E5 /* AppDelegate.swift */,
				61C3CCAD203AD91E00F2C5E5 /* ViewController.swift */,
				61C3CCAF203AD91E00F2C5E5 /* Main.storyboard */,
				61C3CCB2203AD91E00F2C5E5 /* Assets.xcassets */,
				61C3CCB4203AD91E00F2C5E5 /* LaunchScreen.storyboard */,
				61C3CCB7203AD91E00F2C5E5 /* Info.plist */,
				61C3CCCD203AD9A500F2C5E5 /* CommUSB-Bridging-Header.h */,
			);
			path = CommUSB;
			sourceTree = "<group>";
		};
		61C3CCDB203AF94C00F2C5E5 /* USB */ = {
			isa = PBXGroup;
			children = (
				61C3CCDA203ADCA600F2C5E5 /* PTExampleProtocol.h */,
				61C3CCD4203AD9F500F2C5E5 /* prefix.pch */,
				61C3CCD2203AD9F500F2C5E5 /* Peertalk.h */,
				61C3CCD1203AD9F500F2C5E5 /* PTPrivate.h */,
				61C3CCD7203AD9F600F2C5E5 /* PTChannel.h */,
				61C3CCD5203AD9F500F2C5E5 /* PTChannel.m */,
				61C3CCD6203AD9F600F2C5E5 /* PTProtocol.h */,
				61C3CCD3203AD9F500F2C5E5 /* PTProtocol.m */,
				61C3CCCE203AD9A500F2C5E5 /* PTUSBHub.h */,
				61C3CCCF203AD9A500F2C5E5 /* PTUSBHub.m */,
			);
			path = USB;
			sourceTree = "<group>";
		};
		61C3CCDE203B03F300F2C5E5 /* USBBridge */ = {
			isa = PBXGroup;
			children = (
				61C3CCDC203AF9E500F2C5E5 /* USBBridge.swift */,
				61C3CCDB203AF94C00F2C5E5 /* USB */,
			);
			path = USBBridge;
			sourceTree = "<group>";
		};
/* End PBXGroup section */

/* Begin PBXNativeTarget section */
		61C3CCA7203AD91E00F2C5E5 /* CommUSB */ = {
			isa = PBXNativeTarget;
			buildConfigurationList = 61C3CCBA203AD91E00F2C5E5 /* Build configuration list for PBXNativeTarget "CommUSB" */;
			buildPhases = (
				61C3CCA4203AD91E00F2C5E5 /* Sources */,
				61C3CCA5203AD91E00F2C5E5 /* Frameworks */,
				61C3CCA6203AD91E00F2C5E5 /* Resources */,
			);
			buildRules = (
			);
			dependencies = (
			);
			name = CommUSB;
			productName = CommUSB;
			productReference = 61C3CCA8203AD91E00F2C5E5 /* CommUSB.app */;
			productType = "com.apple.product-type.application";
		};
/* End PBXNativeTarget section */

/* Begin PBXProject section */
		61C3CCA0203AD91E00F2C5E5 /* Project object */ = {
			isa = PBXProject;
			attributes = {
				LastSwiftUpdateCheck = 0920;
				LastUpgradeCheck = 0920;
				ORGANIZATIONNAME = Alban;
				TargetAttributes = {
					61C3CCA7203AD91E00F2C5E5 = {
						CreatedOnToolsVersion = 9.2;
						LastSwiftMigration = 0920;
						ProvisioningStyle = Automatic;
					};
				};
			};
			buildConfigurationList = 61C3CCA3203AD91E00F2C5E5 /* Build configuration list for PBXProject "CommUSB" */;
			compatibilityVersion = "Xcode 8.0";
			developmentRegion = en;
			hasScannedForEncodings = 0;
			knownRegions = (
				en,
				Base,
			);
			mainGroup = 61C3CC9F203AD91E00F2C5E5;
			productRefGroup = 61C3CCA9203AD91E00F2C5E5 /* Products */;
			projectDirPath = "";
			projectRoot = "";
			targets = (
				61C3CCA7203AD91E00F2C5E5 /* CommUSB */,
			);
		};
/* End PBXProject section */

/* Begin PBXResourcesBuildPhase section */
		61C3CCA6203AD91E00F2C5E5 /* Resources */ = {
			isa = PBXResourcesBuildPhase;
			buildActionMask = 2147483647;
			files = (
				61C3CCB6203AD91E00F2C5E5 /* LaunchScreen.storyboard in Resources */,
				61C3CCB3203AD91E00F2C5E5 /* Assets.xcassets in Resources */,
				61C3CCB1203AD91E00F2C5E5 /* Main.storyboard in Resources */,
			);
			runOnlyForDeploymentPostprocessing = 0;
		};
/* End PBXResourcesBuildPhase section */

/* Begin PBXSourcesBuildPhase section */
		61C3CCA4203AD91E00F2C5E5 /* Sources */ = {
			isa = PBXSourcesBuildPhase;
			buildActionMask = 2147483647;
			files = (
				61C3CCAE203AD91E00F2C5E5 /* ViewController.swift in Sources */,
				61C3CCD8203AD9F600F2C5E5 /* PTProtocol.m in Sources */,
				61C3CCD0203AD9A500F2C5E5 /* PTUSBHub.m in Sources */,
				61C3CCD9203AD9F600F2C5E5 /* PTChannel.m in Sources */,
				61C3CCAC203AD91E00F2C5E5 /* AppDelegate.swift in Sources */,
				61C3CCDD203AF9E500F2C5E5 /* USBBridge.swift in Sources */,
			);
			runOnlyForDeploymentPostprocessing = 0;
		};
/* End PBXSourcesBuildPhase section */

/* Begin PBXVariantGroup section */
		61C3CCAF203AD91E00F2C5E5 /* Main.storyboard */ = {
			isa = PBXVariantGroup;
			children = (
				61C3CCB0203AD91E00F2C5E5 /* Base */,
			);
			name = Main.storyboard;
			sourceTree = "<group>";
		};
		61C3CCB4203AD91E00F2C5E5 /* LaunchScreen.storyboard */ = {
			isa = PBXVariantGroup;
			children = (
				61C3CCB5203AD91E00F2C5E5 /* Base */,
			);
			name = LaunchScreen.storyboard;
			sourceTree = "<group>";
		};
/* End PBXVariantGroup section */

/* Begin XCBuildConfiguration section */
		61C3CCB8203AD91E00F2C5E5 /* Debug */ = {
			isa = XCBuildConfiguration;
			buildSettings = {
				ALWAYS_SEARCH_USER_PATHS = NO;
				CLANG_ANALYZER_NONNULL = YES;
				CLANG_ANALYZER_NUMBER_OBJECT_CONVERSION = YES_AGGRESSIVE;
				CLANG_CXX_LANGUAGE_STANDARD = "gnu++14";
				CLANG_CXX_LIBRARY = "libc++";
				CLANG_ENABLE_MODULES = YES;
				CLANG_ENABLE_OBJC_ARC = YES;
				CLANG_WARN_BLOCK_CAPTURE_AUTORELEASING = YES;
				CLANG_WARN_BOOL_CONVERSION = YES;
				CLANG_WARN_COMMA = YES;
				CLANG_WARN_CONSTANT_CONVERSION = YES;
				CLANG_WARN_DIRECT_OBJC_ISA_USAGE = YES_ERROR;
				CLANG_WARN_DOCUMENTATION_COMMENTS = YES;
				CLANG_WARN_EMPTY_BODY = YES;
				CLANG_WARN_ENUM_CONVERSION = YES;
				CLANG_WARN_INFINITE_RECURSION = YES;
				CLANG_WARN_INT_CONVERSION = YES;
				CLANG_WARN_NON_LITERAL_NULL_CONVERSION = YES;
				CLANG_WARN_OBJC_LITERAL_CONVERSION = YES;
				CLANG_WARN_OBJC_ROOT_CLASS = YES_ERROR;
				CLANG_WARN_RANGE_LOOP_ANALYSIS = YES;
				CLANG_WARN_STRICT_PROTOTYPES = YES;
				CLANG_WARN_SUSPICIOUS_MOVE = YES;
				CLANG_WARN_UNGUARDED_AVAILABILITY = YES_AGGRESSIVE;
				CLANG_WARN_UNREACHABLE_CODE = YES;
				CLANG_WARN__DUPLICATE_METHOD_MATCH = YES;
				CODE_SIGN_IDENTITY = "iPhone Developer";
				COPY_PHASE_STRIP = NO;
				DEBUG_INFORMATION_FORMAT = dwarf;
				ENABLE_STRICT_OBJC_MSGSEND = YES;
				ENABLE_TESTABILITY = YES;
				GCC_C_LANGUAGE_STANDARD = gnu11;
				GCC_DYNAMIC_NO_PIC = NO;
				GCC_NO_COMMON_BLOCKS = YES;
				GCC_OPTIMIZATION_LEVEL = 0;
				GCC_PREPROCESSOR_DEFINITIONS = (
					"DEBUG=1",
					"$(inherited)",
				);
				GCC_WARN_64_TO_32_BIT_CONVERSION = YES;
				GCC_WARN_ABOUT_RETURN_TYPE = YES_ERROR;
				GCC_WARN_UNDECLARED_SELECTOR = YES;
				GCC_WARN_UNINITIALIZED_AUTOS = YES_AGGRESSIVE;
				GCC_WARN_UNUSED_FUNCTION = YES;
				GCC_WARN_UNUSED_VARIABLE = YES;
				IPHONEOS_DEPLOYMENT_TARGET = 11.2;
				MTL_ENABLE_DEBUG_INFO = YES;
				ONLY_ACTIVE_ARCH = YES;
				SDKROOT = iphoneos;
				SWIFT_ACTIVE_COMPILATION_CONDITIONS = DEBUG;
				SWIFT_OPTIMIZATION_LEVEL = "-Onone";
			};
			name = Debug;
		};
		61C3CCB9203AD91E00F2C5E5 /* Release */ = {
			isa = XCBuildConfiguration;
			buildSettings = {
				ALWAYS_SEARCH_USER_PATHS = NO;
				CLANG_ANALYZER_NONNULL = YES;
				CLANG_ANALYZER_NUMBER_OBJECT_CONVERSION = YES_AGGRESSIVE;
				CLANG_CXX_LANGUAGE_STANDARD = "gnu++14";
				CLANG_CXX_LIBRARY = "libc++";
				CLANG_ENABLE_MODULES = YES;
				CLANG_ENABLE_OBJC_ARC = YES;
				CLANG_WARN_BLOCK_CAPTURE_AUTORELEASING = YES;
				CLANG_WARN_BOOL_CONVERSION = YES;
				CLANG_WARN_COMMA = YES;
				CLANG_WARN_CONSTANT_CONVERSION = YES;
				CLANG_WARN_DIRECT_OBJC_ISA_USAGE = YES_ERROR;
				CLANG_WARN_DOCUMENTATION_COMMENTS = YES;
				CLANG_WARN_EMPTY_BODY = YES;
				CLANG_WARN_ENUM_CONVERSION = YES;
				CLANG_WARN_INFINITE_RECURSION = YES;
				CLANG_WARN_INT_CONVERSION = YES;
				CLANG_WARN_NON_LITERAL_NULL_CONVERSION = YES;
				CLANG_WARN_OBJC_LITERAL_CONVERSION = YES;
				CLANG_WARN_OBJC_ROOT_CLASS = YES_ERROR;
				CLANG_WARN_RANGE_LOOP_ANALYSIS = YES;
				CLANG_WARN_STRICT_PROTOTYPES = YES;
				CLANG_WARN_SUSPICIOUS_MOVE = YES;
				CLANG_WARN_UNGUARDED_AVAILABILITY = YES_AGGRESSIVE;
				CLANG_WARN_UNREACHABLE_CODE = YES;
				CLANG_WARN__DUPLICATE_METHOD_MATCH = YES;
				CODE_SIGN_IDENTITY = "iPhone Developer";
				COPY_PHASE_STRIP = NO;
				DEBUG_INFORMATION_FORMAT = "dwarf-with-dsym";
				ENABLE_NS_ASSERTIONS = NO;
				ENABLE_STRICT_OBJC_MSGSEND = YES;
				GCC_C_LANGUAGE_STANDARD = gnu11;
				GCC_NO_COMMON_BLOCKS = YES;
				GCC_WARN_64_TO_32_BIT_CONVERSION = YES;
				GCC_WARN_ABOUT_RETURN_TYPE = YES_ERROR;
				GCC_WARN_UNDECLARED_SELECTOR = YES;
				GCC_WARN_UNINITIALIZED_AUTOS = YES_AGGRESSIVE;
				GCC_WARN_UNUSED_FUNCTION = YES;
				GCC_WARN_UNUSED_VARIABLE = YES;
				IPHONEOS_DEPLOYMENT_TARGET = 11.2;
				MTL_ENABLE_DEBUG_INFO = NO;
				SDKROOT = iphoneos;
				SWIFT_OPTIMIZATION_LEVEL = "-Owholemodule";
				VALIDATE_PRODUCT = YES;
			};
			name = Release;
		};
		61C3CCBB203AD91E00F2C5E5 /* Debug */ = {
			isa = XCBuildConfiguration;
			buildSettings = {
				ASSETCATALOG_COMPILER_APPICON_NAME = AppIcon;
				CLANG_ENABLE_MODULES = YES;
				CODE_SIGN_STYLE = Automatic;
				DEVELOPMENT_TEAM = "";
				INFOPLIST_FILE = CommUSB/Info.plist;
				IPHONEOS_DEPLOYMENT_TARGET = 11.0;
				LD_RUNPATH_SEARCH_PATHS = "$(inherited) @executable_path/Frameworks";
				PRODUCT_BUNDLE_IDENTIFIER = com.albanPerli.CommUSB;
				PRODUCT_NAME = "$(TARGET_NAME)";
				SWIFT_OBJC_BRIDGING_HEADER = "CommUSB/CommUSB-Bridging-Header.h";
				SWIFT_OPTIMIZATION_LEVEL = "-Onone";
				SWIFT_VERSION = 4.0;
				TARGETED_DEVICE_FAMILY = "1,2";
			};
			name = Debug;
		};
		61C3CCBC203AD91E00F2C5E5 /* Release */ = {
			isa = XCBuildConfiguration;
			buildSettings = {
				ASSETCATALOG_COMPILER_APPICON_NAME = AppIcon;
				CLANG_ENABLE_MODULES = YES;
				CODE_SIGN_STYLE = Automatic;
				DEVELOPMENT_TEAM = "";
				INFOPLIST_FILE = CommUSB/Info.plist;
				IPHONEOS_DEPLOYMENT_TARGET = 11.0;
				LD_RUNPATH_SEARCH_PATHS = "$(inherited) @executable_path/Frameworks";
				PRODUCT_BUNDLE_IDENTIFIER = com.albanPerli.CommUSB;
				PRODUCT_NAME = "$(TARGET_NAME)";
				SWIFT_OBJC_BRIDGING_HEADER = "CommUSB/CommUSB-Bridging-Header.h";
				SWIFT_VERSION = 4.0;
				TARGETED_DEVICE_FAMILY = "1,2";
			};
			name = Release;
		};
/* End XCBuildConfiguration section */

/* Begin XCConfigurationList section */
		61C3CCA3203AD91E00F2C5E5 /* Build configuration list for PBXProject "CommUSB" */ = {
			isa = XCConfigurationList;
			buildConfigurations = (
				61C3CCB8203AD91E00F2C5E5 /* Debug */,
				61C3CCB9203AD91E00F2C5E5 /* Release */,
			);
			defaultConfigurationIsVisible = 0;
			defaultConfigurationName = Release;
		};
		61C3CCBA203AD91E00F2C5E5 /* Build configuration list for PBXNativeTarget "CommUSB" */ = {
			isa = XCConfigurationList;
			buildConfigurations = (
				61C3CCBB203AD91E00F2C5E5 /* Debug */,
				61C3CCBC203AD91E00F2C5E5 /* Release */,
			);
			defaultConfigurationIsVisible = 0;
			defaultConfigurationName = Release;
		};
/* End XCConfigurationList section */
	};
	rootObject = 61C3CCA0203AD91E00F2C5E5 /* Project object */;
}
